{
  "requires": true,
  "lockfileVersion": 1,
  "dependencies": {
    "moment": {
      "version": "2.29.1",
      "resolved": "https://registry.npmjs.org/moment/-/moment-2.29.1.tgz",
      "integrity": "sha512-kHmoybcPV8Sqy59DwNDY3Jefr64lK/by/da0ViFcuA4DH0vQg5Q6Ze5VimxkfQNSC+Mls/Kx53s7TjP1RhFEDQ=="
    },
    "moment-timezone": {
      "version": "0.5.32",
      "resolved": "https://registry.npmjs.org/moment-timezone/-/moment-timezone-0.5.32.tgz",
      "integrity": "sha512-Z8QNyuQHQAmWucp8Knmgei8YNo28aLjJq6Ma+jy1ZSpSk5nyfRT8xgUbSQvD2+2UajISfenndwvFuH3NGS+nvA==",
      "requires": {
        "moment": ">= 2.9.0"
      }
    },
    "react-animated-weather": {
      "version": "4.0.1",
      "resolved": "https://registry.npmjs.org/react-animated-weather/-/react-animated-weather-4.0.1.tgz",
      "integrity": "sha512-ipEa3yW3rld1UAHAmm7Bltn5BOH3O2B491R0ws51kwFtqQ6fc5KWUiBQ0e4sO/XjoeqCkAN/Y98lWx1qZMR84g=="
    },
    "react-live-clock": {
      "version": "5.0.15",
      "resolved": "https://registry.npmjs.org/react-live-clock/-/react-live-clock-5.0.15.tgz",
      "integrity": "sha512-pduIul5taDqRnVvoIxG4RALrZbmLKVkZUfI12s5hyjjKYg+5kGQ2uNQ9z1mgRu2cf4HsAtDtdNFXrZdsqhWj9g=="
    },
    "react-moment": {
      "version": "1.1.1",
      "resolved": "https://registry.npmjs.org/react-moment/-/react-moment-1.1.1.tgz",
      "integrity": "sha512-WjwvxBSnmLMRcU33do0KixDB+9vP3e84eCse+rd+HNklAMNWyRgZTDEQlay/qK6lcXFPRuEIASJTpEt6pyK7Ww=="
    }
  }
}
